
Microsoft Visual Studio Solution File, Format Version 12.00
# Visual Studio Version 17
VisualStudioVersion = 17.0.32014.148
MinimumVisualStudioVersion = 10.0.40219.1
Project("{8BC9CEB8-8B4A-11D0-8D11-00A0C91BC942}") = "thread", "thread\thread.vcxproj", "{CB411A79-5925-42AB-8330-D5FFF1266878}"
EndProject
Global
	GlobalSection(SolutionConfigurationPlatforms) = preSolution
		Debug|x64 = Debug|x64
		Debug|x86 = Debug|x86
		Release|x64 = Release|x64
		Release|x86 = Release|x86
	EndGlobalSection
	GlobalSection(ProjectConfigurationPlatforms) = postSolution
		{CB411A79-5925-42AB-8330-D5FFF1266878}.Debug|x64.ActiveCfg = Debug|x64
		{CB411A79-5925-42AB-8330-D5FFF1266878}.Debug|x64.Build.0 = Debug|x64
		{CB411A79-5925-42AB-8330-D5FFF1266878}.Debug|x86.ActiveCfg = Debug|Win32
		{CB411A79-5925-42AB-8330-D5FFF1266878}.Debug|x86.Build.0 = Debug|Win32
		{CB411A79-5925-42AB-8330-D5FFF1266878}.Release|x64.ActiveCfg = Release|x64
		{CB411A79-5925-42AB-8330-D5FFF1266878}.Release|x64.Build.0 = Release|x64
		{CB411A79-5925-42AB-8330-D5FFF1266878}.Release|x86.ActiveCfg = Release|Win32
		{CB411A79-5925-42AB-8330-D5FFF1266878}.Release|x86.Build.0 = Release|Win32
	EndGlobalSection
	GlobalSection(SolutionProperties) = preSolution
		HideSolutionNode = FALSE
	EndGlobalSection
	GlobalSection(ExtensibilityGlobals) = postSolution
		SolutionGuid = {0A9A1CC0-0BF5-49D7-8571-FDACF9D0C476}
	EndGlobalSection
EndGlobal
